
Microsoft Visual Studio Solution File, Format Version 12.00
# Visual Studio 2013
VisualStudioVersion = 12.0.31101.0
MinimumVisualStudioVersion = 10.0.40219.1
Project("{FAE04EC0-301F-11D3-BF4B-00C04F79EFBC}") = "My_First_DLL", "My_First_DLL\My_First_DLL.csproj", "{3E787863-D579-4DCE-9A19-7BB1A540D6A4}"
EndProject
Global
	GlobalSection(SolutionConfigurationPlatforms) = preSolution
		Debug|Any CPU = Debug|Any CPU
		Release|Any CPU = Release|Any CPU
	EndGlobalSection
	GlobalSection(ProjectConfigurationPlatforms) = postSolution
		{3E787863-D579-4DCE-9A19-7BB1A540D6A4}.Debug|Any CPU.ActiveCfg = Debug|Any CPU
		{3E787863-D579-4DCE-9A19-7BB1A540D6A4}.Debug|Any CPU.Build.0 = Debug|Any CPU
		{3E787863-D579-4DCE-9A19-7BB1A540D6A4}.Release|Any CPU.ActiveCfg = Release|Any CPU
		{3E787863-D579-4DCE-9A19-7BB1A540D6A4}.Release|Any CPU.Build.0 = Release|Any CPU
	EndGlobalSection
	GlobalSection(SolutionProperties) = preSolution
		HideSolutionNode = FALSE
	EndGlobalSection
EndGlobal
